
Microsoft Visual Studio Solution File, Format Version 12.00
# Visual Studio Version 17
VisualStudioVersion = 17.10.35122.118
MinimumVisualStudioVersion = 10.0.40219.1
Project("{FAE04EC0-301F-11D3-BF4B-00C04F79EFBC}") = "testAPI", "testAPI\testAPI.csproj", "{5BEB1E55-9DF5-43B7-BD20-DDF573291110}"
EndProject
Global
	GlobalSection(SolutionConfigurationPlatforms) = preSolution
		Debug|Any CPU = Debug|Any CPU
		Release|Any CPU = Release|Any CPU
	EndGlobalSection
	GlobalSection(ProjectConfigurationPlatforms) = postSolution
		{5BEB1E55-9DF5-43B7-BD20-DDF573291110}.Debug|Any CPU.ActiveCfg = Debug|Any CPU
		{5BEB1E55-9DF5-43B7-BD20-DDF573291110}.Debug|Any CPU.Build.0 = Debug|Any CPU
		{5BEB1E55-9DF5-43B7-BD20-DDF573291110}.Release|Any CPU.ActiveCfg = Release|Any CPU
		{5BEB1E55-9DF5-43B7-BD20-DDF573291110}.Release|Any CPU.Build.0 = Release|Any CPU
	EndGlobalSection
	GlobalSection(SolutionProperties) = preSolution
		HideSolutionNode = FALSE
	EndGlobalSection
	GlobalSection(ExtensibilityGlobals) = postSolution
		SolutionGuid = {6FC9E114-4626-4033-AF71-1566FD02293E}
	EndGlobalSection
EndGlobal
